// !$*UTF8*$!
{
	archiveVersion = 1;
	classes = {
	};
	objectVersion = 50;
	objects = {

/* Begin PBXBuildFile section */
		B973854F2616C05800D77C97 /* Virtual_Tourist.xcdatamodeld in Sources */ = {isa = PBXBuildFile; fileRef = B973854D2616C05800D77C97 /* Virtual_Tourist.xcdatamodeld */; };
		B97385532616D71100D77C97 /* DataController.swift in Sources */ = {isa = PBXBuildFile; fileRef = B97385522616D71100D77C97 /* DataController.swift */; };
		B97385572616D91900D77C97 /* PhotoViewController.swift in Sources */ = {isa = PBXBuildFile; fileRef = B97385562616D91900D77C97 /* PhotoViewController.swift */; };
		B973855A261704D400D77C97 /* PhotosResponse.swift in Sources */ = {isa = PBXBuildFile; fileRef = B9738559261704D400D77C97 /* PhotosResponse.swift */; };
		B973855D2617071B00D77C97 /* FlickrAPI.swift in Sources */ = {isa = PBXBuildFile; fileRef = B973855C2617071B00D77C97 /* FlickrAPI.swift */; };
		B9E92CBA2619891700FB4329 /* CustomCollectionCell.swift in Sources */ = {isa = PBXBuildFile; fileRef = B9E92CB92619891700FB4329 /* CustomCollectionCell.swift */; };
		B9FF56DC2616B9A8009E1202 /* AppDelegate.swift in Sources */ = {isa = PBXBuildFile; fileRef = B9FF56DB2616B9A8009E1202 /* AppDelegate.swift */; };
		B9FF56DE2616B9A8009E1202 /* SceneDelegate.swift in Sources */ = {isa = PBXBuildFile; fileRef = B9FF56DD2616B9A8009E1202 /* SceneDelegate.swift */; };
		B9FF56E02616B9A8009E1202 /* MapViewController.swift in Sources */ = {isa = PBXBuildFile; fileRef = B9FF56DF2616B9A8009E1202 /* MapViewController.swift */; };
		B9FF56E32616B9A8009E1202 /* Main.storyboard in Resources */ = {isa = PBXBuildFile; fileRef = B9FF56E12616B9A8009E1202 /* Main.storyboard */; };
		B9FF56E82616B9AB009E1202 /* Assets.xcassets in Resources */ = {isa = PBXBuildFile; fileRef = B9FF56E72616B9AB009E1202 /* Assets.xcassets */; };
		B9FF56EB2616B9AB009E1202 /* LaunchScreen.storyboard in Resources */ = {isa = PBXBuildFile; fileRef = B9FF56E92616B9AB009E1202 /* LaunchScreen.storyboard */; };
/* End PBXBuildFile section */

/* Begin PBXFileReference section */
		B973854E2616C05800D77C97 /* Virtual_Tourist.xcdatamodel */ = {isa = PBXFileReference; lastKnownFileType = wrapper.xcdatamodel; path = Virtual_Tourist.xcdatamodel; sourceTree = "<group>"; };
		B97385522616D71100D77C97 /* DataController.swift */ = {isa = PBXFileReference; lastKnownFileType = sourcecode.swift; path = DataController.swift; sourceTree = "<group>"; };
		B97385562616D91900D77C97 /* PhotoViewController.swift */ = {isa = PBXFileReference; lastKnownFileType = sourcecode.swift; path = PhotoViewController.swift; sourceTree = "<group>"; };
		B9738559261704D400D77C97 /* PhotosResponse.swift */ = {isa = PBXFileReference; lastKnownFileType = sourcecode.swift; path = PhotosResponse.swift; sourceTree = "<group>"; };
		B973855C2617071B00D77C97 /* FlickrAPI.swift */ = {isa = PBXFileReference; lastKnownFileType = sourcecode.swift; path = FlickrAPI.swift; sourceTree = "<group>"; };
		B9E92CB92619891700FB4329 /* CustomCollectionCell.swift */ = {isa = PBXFileReference; lastKnownFileType = sourcecode.swift; path = CustomCollectionCell.swift; sourceTree = "<group>"; };
		B9FF56D82616B9A8009E1202 /* Virtual Tourist.app */ = {isa = PBXFileReference; explicitFileType = wrapper.application; includeInIndex = 0; path = "Virtual Tourist.app"; sourceTree = BUILT_PRODUCTS_DIR; };
		B9FF56DB2616B9A8009E1202 /* AppDelegate.swift */ = {isa = PBXFileReference; lastKnownFileType = sourcecode.swift; path = AppDelegate.swift; sourceTree = "<group>"; };
		B9FF56DD2616B9A8009E1202 /* SceneDelegate.swift */ = {isa = PBXFileReference; lastKnownFileType = sourcecode.swift; path = SceneDelegate.swift; sourceTree = "<group>"; };
		B9FF56DF2616B9A8009E1202 /* MapViewController.swift */ = {isa = PBXFileReference; lastKnownFileType = sourcecode.swift; path = MapViewController.swift; sourceTree = "<group>"; };
		B9FF56E22616B9A8009E1202 /* Base */ = {isa = PBXFileReference; lastKnownFileType = file.storyboard; name = Base; path = Base.lproj/Main.storyboard; sourceTree = "<group>"; };
		B9FF56E72616B9AB009E1202 /* Assets.xcassets */ = {isa = PBXFileReference; lastKnownFileType = folder.assetcatalog; path = Assets.xcassets; sourceTree = "<group>"; };
		B9FF56EA2616B9AB009E1202 /* Base */ = {isa = PBXFileReference; lastKnownFileType = file.storyboard; name = Base; path = Base.lproj/LaunchScreen.storyboard; sourceTree = "<group>"; };
		B9FF56EC2616B9AB009E1202 /* Info.plist */ = {isa = PBXFileReference; lastKnownFileType = text.plist.xml; path = Info.plist; sourceTree = "<group>"; };
/* End PBXFileReference section */

/* Begin PBXFrameworksBuildPhase section */
		B9FF56D52616B9A8009E1202 /* Frameworks */ = {
			isa = PBXFrameworksBuildPhase;
			buildActionMask = 2147483647;
			files = (
			);
			runOnlyForDeploymentPostprocessing = 0;
		};
/* End PBXFrameworksBuildPhase section */

/* Begin PBXGroup section */
		B973853C2616BB3F00D77C97 /* Storyboards */ = {
			isa = PBXGroup;
			children = (
				B9FF56E12616B9A8009E1202 /* Main.storyboard */,
				B9FF56E92616B9AB009E1202 /* LaunchScreen.storyboard */,
			);
			path = Storyboards;
			sourceTree = "<group>";
		};
		B973853D2616BB4800D77C97 /* View Controllers */ = {
			isa = PBXGroup;
			children = (
				B9E92CB72619883E00FB4329 /* custom */,
				B9FF56DF2616B9A8009E1202 /* MapViewController.swift */,
				B97385562616D91900D77C97 /* PhotoViewController.swift */,
			);
			path = "View Controllers";
			sourceTree = "<group>";
		};
		B973853F2616BB7100D77C97 /* Model */ = {
			isa = PBXGroup;
			children = (
				B97385412616BC0800D77C97 /* Network */,
				B97385402616BBF800D77C97 /* Data */,
			);
			path = Model;
			sourceTree = "<group>";
		};
		B97385402616BBF800D77C97 /* Data */ = {
			isa = PBXGroup;
			children = (
				B973854D2616C05800D77C97 /* Virtual_Tourist.xcdatamodeld */,
				B97385522616D71100D77C97 /* DataController.swift */,
			);
			path = Data;
			sourceTree = "<group>";
		};
		B97385412616BC0800D77C97 /* Network */ = {
			isa = PBXGroup;
			children = (
				B9738559261704D400D77C97 /* PhotosResponse.swift */,
				B973855C2617071B00D77C97 /* FlickrAPI.swift */,
			);
			path = Network;
			sourceTree = "<group>";
		};
		B9E92CB72619883E00FB4329 /* custom */ = {
			isa = PBXGroup;
			children = (
				B9E92CB92619891700FB4329 /* CustomCollectionCell.swift */,
			);
			path = custom;
			sourceTree = "<group>";
		};
		B9FF56CF2616B9A7009E1202 = {
			isa = PBXGroup;
			children = (
				B9FF56DA2616B9A8009E1202 /* Virtual Tourist */,
				B9FF56D92616B9A8009E1202 /* Products */,
			);
			sourceTree = "<group>";
		};
		B9FF56D92616B9A8009E1202 /* Products */ = {
			isa = PBXGroup;
			children = (
				B9FF56D82616B9A8009E1202 /* Virtual Tourist.app */,
			);
			name = Products;
			sourceTree = "<group>";
		};
		B9FF56DA2616B9A8009E1202 /* Virtual Tourist */ = {
			isa = PBXGroup;
			children = (
				B9FF56DB2616B9A8009E1202 /* AppDelegate.swift */,
				B9FF56DD2616B9A8009E1202 /* SceneDelegate.swift */,
				B973853F2616BB7100D77C97 /* Model */,
				B973853D2616BB4800D77C97 /* View Controllers */,
				B973853C2616BB3F00D77C97 /* Storyboards */,
				B9FF56E72616B9AB009E1202 /* Assets.xcassets */,
				B9FF56EC2616B9AB009E1202 /* Info.plist */,
			);
			path = "Virtual Tourist";
			sourceTree = "<group>";
		};
/* End PBXGroup section */

/* Begin PBXNativeTarget section */
		B9FF56D72616B9A8009E1202 /* Virtual Tourist */ = {
			isa = PBXNativeTarget;
			buildConfigurationList = B9FF56EF2616B9AB009E1202 /* Build configuration list for PBXNativeTarget "Virtual Tourist" */;
			buildPhases = (
				B9FF56D42616B9A8009E1202 /* Sources */,
				B9FF56D52616B9A8009E1202 /* Frameworks */,
				B9FF56D62616B9A8009E1202 /* Resources */,
			);
			buildRules = (
			);
			dependencies = (
			);
			name = "Virtual Tourist";
			productName = "Virtual Tourist";
			productReference = B9FF56D82616B9A8009E1202 /* Virtual Tourist.app */;
			productType = "com.apple.product-type.application";
		};
/* End PBXNativeTarget section */

/* Begin PBXProject section */
		B9FF56D02616B9A7009E1202 /* Project object */ = {
			isa = PBXProject;
			attributes = {
				LastSwiftUpdateCheck = 1240;
				LastUpgradeCheck = 1240;
				TargetAttributes = {
					B9FF56D72616B9A8009E1202 = {
						CreatedOnToolsVersion = 12.4;
					};
				};
			};
			buildConfigurationList = B9FF56D32616B9A7009E1202 /* Build configuration list for PBXProject "Virtual Tourist" */;
			compatibilityVersion = "Xcode 9.3";
			developmentRegion = en;
			hasScannedForEncodings = 0;
			knownRegions = (
				en,
				Base,
			);
			mainGroup = B9FF56CF2616B9A7009E1202;
			productRefGroup = B9FF56D92616B9A8009E1202 /* Products */;
			projectDirPath = "";
			projectRoot = "";
			targets = (
				B9FF56D72616B9A8009E1202 /* Virtual Tourist */,
			);
		};
/* End PBXProject section */

/* Begin PBXResourcesBuildPhase section */
		B9FF56D62616B9A8009E1202 /* Resources */ = {
			isa = PBXResourcesBuildPhase;
			buildActionMask = 2147483647;
			files = (
				B9FF56EB2616B9AB009E1202 /* LaunchScreen.storyboard in Resources */,
				B9FF56E82616B9AB009E1202 /* Assets.xcassets in Resources */,
				B9FF56E32616B9A8009E1202 /* Main.storyboard in Resources */,
			);
			runOnlyForDeploymentPostprocessing = 0;
		};
/* End PBXResourcesBuildPhase section */

/* Begin PBXSourcesBuildPhase section */
		B9FF56D42616B9A8009E1202 /* Sources */ = {
			isa = PBXSourcesBuildPhase;
			buildActionMask = 2147483647;
			files = (
				B97385532616D71100D77C97 /* DataController.swift in Sources */,
				B9FF56E02616B9A8009E1202 /* MapViewController.swift in Sources */,
				B973854F2616C05800D77C97 /* Virtual_Tourist.xcdatamodeld in Sources */,
				B9FF56DC2616B9A8009E1202 /* AppDelegate.swift in Sources */,
				B9FF56DE2616B9A8009E1202 /* SceneDelegate.swift in Sources */,
				B973855A261704D400D77C97 /* PhotosResponse.swift in Sources */,
				B97385572616D91900D77C97 /* PhotoViewController.swift in Sources */,
				B973855D2617071B00D77C97 /* FlickrAPI.swift in Sources */,
				B9E92CBA2619891700FB4329 /* CustomCollectionCell.swift in Sources */,
			);
			runOnlyForDeploymentPostprocessing = 0;
		};
/* End PBXSourcesBuildPhase section */

/* Begin PBXVariantGroup section */
		B9FF56E12616B9A8009E1202 /* Main.storyboard */ = {
			isa = PBXVariantGroup;
			children = (
				B9FF56E22616B9A8009E1202 /* Base */,
			);
			name = Main.storyboard;
			sourceTree = "<group>";
		};
		B9FF56E92616B9AB009E1202 /* LaunchScreen.storyboard */ = {
			isa = PBXVariantGroup;
			children = (
				B9FF56EA2616B9AB009E1202 /* Base */,
			);
			name = LaunchScreen.storyboard;
			sourceTree = "<group>";
		};
/* End PBXVariantGroup section */

/* Begin XCBuildConfiguration section */
		B9FF56ED2616B9AB009E1202 /* Debug */ = {
			isa = XCBuildConfiguration;
			buildSettings = {
				ALWAYS_SEARCH_USER_PATHS = NO;
				CLANG_ANALYZER_NONNULL = YES;
				CLANG_ANALYZER_NUMBER_OBJECT_CONVERSION = YES_AGGRESSIVE;
				CLANG_CXX_LANGUAGE_STANDARD = "gnu++14";
				CLANG_CXX_LIBRARY = "libc++";
				CLANG_ENABLE_MODULES = YES;
				CLANG_ENABLE_OBJC_ARC = YES;
				CLANG_ENABLE_OBJC_WEAK = YES;
				CLANG_WARN_BLOCK_CAPTURE_AUTORELEASING = YES;
				CLANG_WARN_BOOL_CONVERSION = YES;
				CLANG_WARN_COMMA = YES;
				CLANG_WARN_CONSTANT_CONVERSION = YES;
				CLANG_WARN_DEPRECATED_OBJC_IMPLEMENTATIONS = YES;
				CLANG_WARN_DIRECT_OBJC_ISA_USAGE = YES_ERROR;
				CLANG_WARN_DOCUMENTATION_COMMENTS = YES;
				CLANG_WARN_EMPTY_BODY = YES;
				CLANG_WARN_ENUM_CONVERSION = YES;
				CLANG_WARN_INFINITE_RECURSION = YES;
				CLANG_WARN_INT_CONVERSION = YES;
				CLANG_WARN_NON_LITERAL_NULL_CONVERSION = YES;
				CLANG_WARN_OBJC_IMPLICIT_RETAIN_SELF = YES;
				CLANG_WARN_OBJC_LITERAL_CONVERSION = YES;
				CLANG_WARN_OBJC_ROOT_CLASS = YES_ERROR;
				CLANG_WARN_QUOTED_INCLUDE_IN_FRAMEWORK_HEADER = YES;
				CLANG_WARN_RANGE_LOOP_ANALYSIS = YES;
				CLANG_WARN_STRICT_PROTOTYPES = YES;
				CLANG_WARN_SUSPICIOUS_MOVE = YES;
				CLANG_WARN_UNGUARDED_AVAILABILITY = YES_AGGRESSIVE;
				CLANG_WARN_UNREACHABLE_CODE = YES;
				CLANG_WARN__DUPLICATE_METHOD_MATCH = YES;
				COPY_PHASE_STRIP = NO;
				DEBUG_INFORMATION_FORMAT = dwarf;
				ENABLE_STRICT_OBJC_MSGSEND = YES;
				ENABLE_TESTABILITY = YES;
				GCC_C_LANGUAGE_STANDARD = gnu11;
				GCC_DYNAMIC_NO_PIC = NO;
				GCC_NO_COMMON_BLOCKS = YES;
				GCC_OPTIMIZATION_LEVEL = 0;
				GCC_PREPROCESSOR_DEFINITIONS = (
					"DEBUG=1",
					"$(inherited)",
				);
				GCC_WARN_64_TO_32_BIT_CONVERSION = YES;
				GCC_WARN_ABOUT_RETURN_TYPE = YES_ERROR;
				GCC_WARN_UNDECLARED_SELECTOR = YES;
				GCC_WARN_UNINITIALIZED_AUTOS = YES_AGGRESSIVE;
				GCC_WARN_UNUSED_FUNCTION = YES;
				GCC_WARN_UNUSED_VARIABLE = YES;
				IPHONEOS_DEPLOYMENT_TARGET = 14.4;
				MTL_ENABLE_DEBUG_INFO = INCLUDE_SOURCE;
				MTL_FAST_MATH = YES;
				ONLY_ACTIVE_ARCH = YES;
				SDKROOT = iphoneos;
				SWIFT_ACTIVE_COMPILATION_CONDITIONS = DEBUG;
				SWIFT_OPTIMIZATION_LEVEL = "-Onone";
			};
			name = Debug;
		};
		B9FF56EE2616B9AB009E1202 /* Release */ = {
			isa = XCBuildConfiguration;
			buildSettings = {
				ALWAYS_SEARCH_USER_PATHS = NO;
				CLANG_ANALYZER_NONNULL = YES;
				CLANG_ANALYZER_NUMBER_OBJECT_CONVERSION = YES_AGGRESSIVE;
				CLANG_CXX_LANGUAGE_STANDARD = "gnu++14";
				CLANG_CXX_LIBRARY = "libc++";
				CLANG_ENABLE_MODULES = YES;
				CLANG_ENABLE_OBJC_ARC = YES;
				CLANG_ENABLE_OBJC_WEAK = YES;
				CLANG_WARN_BLOCK_CAPTURE_AUTORELEASING = YES;
				CLANG_WARN_BOOL_CONVERSION = YES;
				CLANG_WARN_COMMA = YES;
				CLANG_WARN_CONSTANT_CONVERSION = YES;
				CLANG_WARN_DEPRECATED_OBJC_IMPLEMENTATIONS = YES;
				CLANG_WARN_DIRECT_OBJC_ISA_USAGE = YES_ERROR;
				CLANG_WARN_DOCUMENTATION_COMMENTS = YES;
				CLANG_WARN_EMPTY_BODY = YES;
				CLANG_WARN_ENUM_CONVERSION = YES;
				CLANG_WARN_INFINITE_RECURSION = YES;
				CLANG_WARN_INT_CONVERSION = YES;
				CLANG_WARN_NON_LITERAL_NULL_CONVERSION = YES;
				CLANG_WARN_OBJC_IMPLICIT_RETAIN_SELF = YES;
				CLANG_WARN_OBJC_LITERAL_CONVERSION = YES;
				CLANG_WARN_OBJC_ROOT_CLASS = YES_ERROR;
				CLANG_WARN_QUOTED_INCLUDE_IN_FRAMEWORK_HEADER = YES;
				CLANG_WARN_RANGE_LOOP_ANALYSIS = YES;
				CLANG_WARN_STRICT_PROTOTYPES = YES;
				CLANG_WARN_SUSPICIOUS_MOVE = YES;
				CLANG_WARN_UNGUARDED_AVAILABILITY = YES_AGGRESSIVE;
				CLANG_WARN_UNREACHABLE_CODE = YES;
				CLANG_WARN__DUPLICATE_METHOD_MATCH = YES;
				COPY_PHASE_STRIP = NO;
				DEBUG_INFORMATION_FORMAT = "dwarf-with-dsym";
				ENABLE_NS_ASSERTIONS = NO;
				ENABLE_STRICT_OBJC_MSGSEND = YES;
				GCC_C_LANGUAGE_STANDARD = gnu11;
				GCC_NO_COMMON_BLOCKS = YES;
				GCC_WARN_64_TO_32_BIT_CONVERSION = YES;
				GCC_WARN_ABOUT_RETURN_TYPE = YES_ERROR;
				GCC_WARN_UNDECLARED_SELECTOR = YES;
				GCC_WARN_UNINITIALIZED_AUTOS = YES_AGGRESSIVE;
				GCC_WARN_UNUSED_FUNCTION = YES;
				GCC_WARN_UNUSED_VARIABLE = YES;
				IPHONEOS_DEPLOYMENT_TARGET = 14.4;
				MTL_ENABLE_DEBUG_INFO = NO;
				MTL_FAST_MATH = YES;
				SDKROOT = iphoneos;
				SWIFT_COMPILATION_MODE = wholemodule;
				SWIFT_OPTIMIZATION_LEVEL = "-O";
				VALIDATE_PRODUCT = YES;
			};
			name = Release;
		};
		B9FF56F02616B9AB009E1202 /* Debug */ = {
			isa = XCBuildConfiguration;
			buildSettings = {
				ASSETCATALOG_COMPILER_APPICON_NAME = AppIcon;
				ASSETCATALOG_COMPILER_GLOBAL_ACCENT_COLOR_NAME = AccentColor;
				CODE_SIGN_STYLE = Automatic;
				DEVELOPMENT_TEAM = Q659HB4U5Q;
				INFOPLIST_FILE = "Virtual Tourist/Info.plist";
				LD_RUNPATH_SEARCH_PATHS = (
					"$(inherited)",
					"@executable_path/Frameworks",
				);
				PRODUCT_BUNDLE_IDENTIFIER = "Project.Virtual-Tourist";
				PRODUCT_NAME = "$(TARGET_NAME)";
				SWIFT_VERSION = 5.0;
				TARGETED_DEVICE_FAMILY = "1,2";
			};
			name = Debug;
		};
		B9FF56F12616B9AB009E1202 /* Release */ = {
			isa = XCBuildConfiguration;
			buildSettings = {
				ASSETCATALOG_COMPILER_APPICON_NAME = AppIcon;
				ASSETCATALOG_COMPILER_GLOBAL_ACCENT_COLOR_NAME = AccentColor;
				CODE_SIGN_STYLE = Automatic;
				DEVELOPMENT_TEAM = Q659HB4U5Q;
				INFOPLIST_FILE = "Virtual Tourist/Info.plist";
				LD_RUNPATH_SEARCH_PATHS = (
					"$(inherited)",
					"@executable_path/Frameworks",
				);
				PRODUCT_BUNDLE_IDENTIFIER = "Project.Virtual-Tourist";
				PRODUCT_NAME = "$(TARGET_NAME)";
				SWIFT_VERSION = 5.0;
				TARGETED_DEVICE_FAMILY = "1,2";
			};
			name = Release;
		};
/* End XCBuildConfiguration section */

/* Begin XCConfigurationList section */
		B9FF56D32616B9A7009E1202 /* Build configuration list for PBXProject "Virtual Tourist" */ = {
			isa = XCConfigurationList;
			buildConfigurations = (
				B9FF56ED2616B9AB009E1202 /* Debug */,
				B9FF56EE2616B9AB009E1202 /* Release */,
			);
			defaultConfigurationIsVisible = 0;
			defaultConfigurationName = Release;
		};
		B9FF56EF2616B9AB009E1202 /* Build configuration list for PBXNativeTarget "Virtual Tourist" */ = {
			isa = XCConfigurationList;
			buildConfigurations = (
				B9FF56F02616B9AB009E1202 /* Debug */,
				B9FF56F12616B9AB009E1202 /* Release */,
			);
			defaultConfigurationIsVisible = 0;
			defaultConfigurationName = Release;
		};
/* End XCConfigurationList section */

/* Begin XCVersionGroup section */
		B973854D2616C05800D77C97 /* Virtual_Tourist.xcdatamodeld */ = {
			isa = XCVersionGroup;
			children = (
				B973854E2616C05800D77C97 /* Virtual_Tourist.xcdatamodel */,
			);
			currentVersion = B973854E2616C05800D77C97 /* Virtual_Tourist.xcdatamodel */;
			path = Virtual_Tourist.xcdatamodeld;
			sourceTree = "<group>";
			versionGroupType = wrapper.xcdatamodel;
		};
/* End XCVersionGroup section */
	};
	rootObject = B9FF56D02616B9A7009E1202 /* Project object */;
}
